
Microsoft Visual Studio Solution File, Format Version 12.00
# Visual Studio Version 17
VisualStudioVersion = 17.8.34330.188
MinimumVisualStudioVersion = 10.0.40219.1
Project("{FAE04EC0-301F-11D3-BF4B-00C04F79EFBC}") = "Desafio", "Desafio\Desafio.csproj", "{80F71DF3-9F0D-402F-A77E-B185583CEEBB}"
EndProject
Global
	GlobalSection(SolutionConfigurationPlatforms) = preSolution
		Debug|Any CPU = Debug|Any CPU
		Release|Any CPU = Release|Any CPU
	EndGlobalSection
	GlobalSection(ProjectConfigurationPlatforms) = postSolution
		{80F71DF3-9F0D-402F-A77E-B185583CEEBB}.Debug|Any CPU.ActiveCfg = Debug|Any CPU
		{80F71DF3-9F0D-402F-A77E-B185583CEEBB}.Debug|Any CPU.Build.0 = Debug|Any CPU
		{80F71DF3-9F0D-402F-A77E-B185583CEEBB}.Release|Any CPU.ActiveCfg = Release|Any CPU
		{80F71DF3-9F0D-402F-A77E-B185583CEEBB}.Release|Any CPU.Build.0 = Release|Any CPU
	EndGlobalSection
	GlobalSection(SolutionProperties) = preSolution
		HideSolutionNode = FALSE
	EndGlobalSection
	GlobalSection(ExtensibilityGlobals) = postSolution
		SolutionGuid = {A212B42A-E297-4115-96D5-7E482741AC0F}
	EndGlobalSection
EndGlobal
